
Microsoft Visual Studio Solution File, Format Version 11.00
# Visual Studio 2010
Project("{FAE04EC0-301F-11D3-BF4B-00C04F79EFBC}") = "UnityEngine.TestRunner", "UnityEngine.TestRunner.csproj", "{1fffd0c2-668b-6a0c-7f8b-ae7c494fa713}"
EndProject
Project("{FAE04EC0-301F-11D3-BF4B-00C04F79EFBC}") = "UnityEngine.UI", "UnityEngine.UI.csproj", "{1a5ea686-0e52-32b3-fbd4-b9051e2b2501}"
EndProject
Project("{FAE04EC0-301F-11D3-BF4B-00C04F79EFBC}") = "Unity.VisualScripting.Flow", "Unity.VisualScripting.Flow.csproj", "{4887c989-64b3-e44f-9ce1-b331ee9d23bc}"
EndProject
Project("{FAE04EC0-301F-11D3-BF4B-00C04F79EFBC}") = "Unity.VisualScripting.State", "Unity.VisualScripting.State.csproj", "{108d2f98-c09c-360c-c0fc-1deb63aefc06}"
EndProject
Project("{FAE04EC0-301F-11D3-BF4B-00C04F79EFBC}") = "Unity.VisualScripting.Core", "Unity.VisualScripting.Core.csproj", "{e0ccaaa7-c70d-d4b5-b23d-8673f4499966}"
EndProject
Project("{FAE04EC0-301F-11D3-BF4B-00C04F79EFBC}") = "Unity.TextMeshPro", "Unity.TextMeshPro.csproj", "{f1d40d52-eb7d-cc93-fc67-596200a93d1b}"
EndProject
Project("{FAE04EC0-301F-11D3-BF4B-00C04F79EFBC}") = "Unity.Timeline", "Unity.Timeline.csproj", "{63b451c4-0608-cd0f-06c2-185934beb2a5}"
EndProject
Project("{FAE04EC0-301F-11D3-BF4B-00C04F79EFBC}") = "Unity.PlasticSCM.Editor", "Unity.PlasticSCM.Editor.csproj", "{4753d32b-160a-ca70-6a2b-fa38f5bb897f}"
EndProject
Project("{FAE04EC0-301F-11D3-BF4B-00C04F79EFBC}") = "Unity.VisualScripting.Core.Editor", "Unity.VisualScripting.Core.Editor.csproj", "{f9594568-2eb4-7fc8-8389-42648acd851f}"
EndProject
Project("{FAE04EC0-301F-11D3-BF4B-00C04F79EFBC}") = "Unity.VisualScripting.Flow.Editor", "Unity.VisualScripting.Flow.Editor.csproj", "{fbba53db-51a6-2e63-c28f-cbd32cc99d50}"
EndProject
Project("{FAE04EC0-301F-11D3-BF4B-00C04F79EFBC}") = "Unity.VisualStudio.Editor", "Unity.VisualStudio.Editor.csproj", "{0117be0b-d648-b3e0-2b2c-8153f1c53143}"
EndProject
Project("{FAE04EC0-301F-11D3-BF4B-00C04F79EFBC}") = "Unity.Timeline.Editor", "Unity.Timeline.Editor.csproj", "{bd605e04-6f45-eef1-d8e4-2173900396d5}"
EndProject
Project("{FAE04EC0-301F-11D3-BF4B-00C04F79EFBC}") = "Unity.VisualScripting.State.Editor", "Unity.VisualScripting.State.Editor.csproj", "{b9f2ebb6-e2c3-2a87-5c8a-912235cbb34e}"
EndProject
Project("{FAE04EC0-301F-11D3-BF4B-00C04F79EFBC}") = "Unity.TextMeshPro.Editor", "Unity.TextMeshPro.Editor.csproj", "{2159dca6-637f-d08e-173b-eb3c645059e0}"
EndProject
Project("{FAE04EC0-301F-11D3-BF4B-00C04F79EFBC}") = "Unity.VisualScripting.SettingsProvider.Editor", "Unity.VisualScripting.SettingsProvider.Editor.csproj", "{d428d9cf-b6d3-1419-2757-dccbd3d40fe1}"
EndProject
Project("{FAE04EC0-301F-11D3-BF4B-00C04F79EFBC}") = "Unity.CollabProxy.Editor", "Unity.CollabProxy.Editor.csproj", "{20be0e4a-360a-abef-32f6-e7dbb52153ff}"
EndProject
Project("{FAE04EC0-301F-11D3-BF4B-00C04F79EFBC}") = "UnityEditor.TestRunner", "UnityEditor.TestRunner.csproj", "{d7272dad-37bd-3240-0197-26450f66d5f3}"
EndProject
Project("{FAE04EC0-301F-11D3-BF4B-00C04F79EFBC}") = "Unity.TestTools.CodeCoverage.Editor", "Unity.TestTools.CodeCoverage.Editor.csproj", "{eca0c1dc-4349-8782-5043-66a36b18ce24}"
EndProject
Project("{FAE04EC0-301F-11D3-BF4B-00C04F79EFBC}") = "Unity.Rider.Editor", "Unity.Rider.Editor.csproj", "{48ed8bdf-3b22-a8bf-c2a0-df56b9d9ccef}"
EndProject
Project("{FAE04EC0-301F-11D3-BF4B-00C04F79EFBC}") = "Unity.Services.Core.Editor", "Unity.Services.Core.Editor.csproj", "{966723bf-9cf5-89c2-4e7a-16e91eea6ff2}"
EndProject
Project("{FAE04EC0-301F-11D3-BF4B-00C04F79EFBC}") = "Unity.Performance.Profile-Analyzer.Editor", "Unity.Performance.Profile-Analyzer.Editor.csproj", "{c5d07b5c-5769-3f28-c69b-652adebac401}"
EndProject
Project("{FAE04EC0-301F-11D3-BF4B-00C04F79EFBC}") = "Unity.VSCode.Editor", "Unity.VSCode.Editor.csproj", "{717795f4-df19-09cc-07e1-0eb8854a74d9}"
EndProject
Project("{FAE04EC0-301F-11D3-BF4B-00C04F79EFBC}") = "UnityEditor.UI", "UnityEditor.UI.csproj", "{9a511c74-ffc3-90da-dae6-14873b97cf54}"
EndProject
Project("{FAE04EC0-301F-11D3-BF4B-00C04F79EFBC}") = "Unity.TestTools.CodeCoverage.Editor.OpenCover.Model", "Unity.TestTools.CodeCoverage.Editor.OpenCover.Model.csproj", "{e6700765-862a-642b-4fb9-e9dcd609d6e6}"
EndProject
Project("{FAE04EC0-301F-11D3-BF4B-00C04F79EFBC}") = "Unity.EditorCoroutines.Editor", "Unity.EditorCoroutines.Editor.csproj", "{c511b058-8f2b-1ad7-21b5-f18f9ad9e774}"
EndProject
Project("{FAE04EC0-301F-11D3-BF4B-00C04F79EFBC}") = "Unity.Settings.Editor", "Unity.Settings.Editor.csproj", "{45e974d3-c233-56a5-488f-2271d636b758}"
EndProject
Project("{FAE04EC0-301F-11D3-BF4B-00C04F79EFBC}") = "Unity.TestTools.CodeCoverage.Editor.OpenCover.Mono.Reflection", "Unity.TestTools.CodeCoverage.Editor.OpenCover.Mono.Reflection.csproj", "{55c98a27-3b52-fb1a-25a2-84f5736ff655}"
EndProject
Project("{FAE04EC0-301F-11D3-BF4B-00C04F79EFBC}") = "Unity.VisualScripting.Shared.Editor", "Unity.VisualScripting.Shared.Editor.csproj", "{69898896-06bd-073d-0140-4cf81be998cd}"
EndProject
Project("{FAE04EC0-301F-11D3-BF4B-00C04F79EFBC}") = "Unity.PlasticSCM.EditorTests", "Unity.PlasticSCM.EditorTests.csproj", "{28e38430-7d68-adf0-7a3f-66ccdae60ba1}"
EndProject
Project("{FAE04EC0-301F-11D3-BF4B-00C04F79EFBC}") = "Unity.TestTools.CodeCoverage.Editor.Compatibility", "Unity.TestTools.CodeCoverage.Editor.Compatibility.csproj", "{a7d2f8a2-46a6-e14a-46eb-9f1bf1ba86ab}"
EndProject
Project("{FAE04EC0-301F-11D3-BF4B-00C04F79EFBC}") = "Unity.TextMeshPro.Editor.Tests", "Unity.TextMeshPro.Editor.Tests.csproj", "{318248e6-27c8-d8e9-b921-4f2646b1962a}"
EndProject
Project("{FAE04EC0-301F-11D3-BF4B-00C04F79EFBC}") = "DocCodeExamples", "DocCodeExamples.csproj", "{e2695a68-f9cf-ae71-7e6a-075516eb8e04}"
EndProject
Project("{FAE04EC0-301F-11D3-BF4B-00C04F79EFBC}") = "Unity.Performance.Profile-Analyzer.EditorTests", "Unity.Performance.Profile-Analyzer.EditorTests.csproj", "{d1c22cfb-8da7-46a9-41f0-b3ebd480be10}"
EndProject
Project("{FAE04EC0-301F-11D3-BF4B-00C04F79EFBC}") = "Unity.CollabProxy.EditorTests", "Unity.CollabProxy.EditorTests.csproj", "{590cba3b-aa1a-a27a-79bc-3bf5ecd42aaf}"
EndProject
Project("{FAE04EC0-301F-11D3-BF4B-00C04F79EFBC}") = "Unity.Settings.Tests", "Unity.Settings.Tests.csproj", "{547e18a8-9d3e-5014-206f-8499b7bd9f89}"
EndProject
Project("{FAE04EC0-301F-11D3-BF4B-00C04F79EFBC}") = "UnityEngine.UI.Tests", "UnityEngine.UI.Tests.csproj", "{5f6e5a79-0e91-283a-5261-0e2341e68ea9}"
EndProject
Project("{FAE04EC0-301F-11D3-BF4B-00C04F79EFBC}") = "Unity.Nuget.NewtonsoftJson.EditorTests", "Unity.Nuget.NewtonsoftJson.EditorTests.csproj", "{ff59e38d-8916-799e-25c7-c4220432b6d3}"
EndProject
Project("{FAE04EC0-301F-11D3-BF4B-00C04F79EFBC}") = "Unity.TextMeshPro.Tests", "Unity.TextMeshPro.Tests.csproj", "{74c96714-6f0b-aa17-5b7b-6d7bca28ad14}"
EndProject
Project("{FAE04EC0-301F-11D3-BF4B-00C04F79EFBC}") = "UnityEditor.UI.EditorTests", "UnityEditor.UI.EditorTests.csproj", "{a3fe0c14-31de-6e22-1c64-1f37c0e06f95}"
EndProject
Global
	GlobalSection(SolutionConfigurationPlatforms) = preSolution
		Debug|Any CPU = Debug|Any CPU
	EndGlobalSection
	GlobalSection(ProjectConfigurationPlatforms) = postSolution
		{1fffd0c2-668b-6a0c-7f8b-ae7c494fa713}.Debug|Any CPU.ActiveCfg = Debug|Any CPU
		{1fffd0c2-668b-6a0c-7f8b-ae7c494fa713}.Debug|Any CPU.Build.0 = Debug|Any CPU
		{1a5ea686-0e52-32b3-fbd4-b9051e2b2501}.Debug|Any CPU.ActiveCfg = Debug|Any CPU
		{1a5ea686-0e52-32b3-fbd4-b9051e2b2501}.Debug|Any CPU.Build.0 = Debug|Any CPU
		{4887c989-64b3-e44f-9ce1-b331ee9d23bc}.Debug|Any CPU.ActiveCfg = Debug|Any CPU
		{4887c989-64b3-e44f-9ce1-b331ee9d23bc}.Debug|Any CPU.Build.0 = Debug|Any CPU
		{108d2f98-c09c-360c-c0fc-1deb63aefc06}.Debug|Any CPU.ActiveCfg = Debug|Any CPU
		{108d2f98-c09c-360c-c0fc-1deb63aefc06}.Debug|Any CPU.Build.0 = Debug|Any CPU
		{e0ccaaa7-c70d-d4b5-b23d-8673f4499966}.Debug|Any CPU.ActiveCfg = Debug|Any CPU
		{e0ccaaa7-c70d-d4b5-b23d-8673f4499966}.Debug|Any CPU.Build.0 = Debug|Any CPU
		{f1d40d52-eb7d-cc93-fc67-596200a93d1b}.Debug|Any CPU.ActiveCfg = Debug|Any CPU
		{f1d40d52-eb7d-cc93-fc67-596200a93d1b}.Debug|Any CPU.Build.0 = Debug|Any CPU
		{63b451c4-0608-cd0f-06c2-185934beb2a5}.Debug|Any CPU.ActiveCfg = Debug|Any CPU
		{63b451c4-0608-cd0f-06c2-185934beb2a5}.Debug|Any CPU.Build.0 = Debug|Any CPU
		{4753d32b-160a-ca70-6a2b-fa38f5bb897f}.Debug|Any CPU.ActiveCfg = Debug|Any CPU
		{4753d32b-160a-ca70-6a2b-fa38f5bb897f}.Debug|Any CPU.Build.0 = Debug|Any CPU
		{f9594568-2eb4-7fc8-8389-42648acd851f}.Debug|Any CPU.ActiveCfg = Debug|Any CPU
		{f9594568-2eb4-7fc8-8389-42648acd851f}.Debug|Any CPU.Build.0 = Debug|Any CPU
		{fbba53db-51a6-2e63-c28f-cbd32cc99d50}.Debug|Any CPU.ActiveCfg = Debug|Any CPU
		{fbba53db-51a6-2e63-c28f-cbd32cc99d50}.Debug|Any CPU.Build.0 = Debug|Any CPU
		{0117be0b-d648-b3e0-2b2c-8153f1c53143}.Debug|Any CPU.ActiveCfg = Debug|Any CPU
		{0117be0b-d648-b3e0-2b2c-8153f1c53143}.Debug|Any CPU.Build.0 = Debug|Any CPU
		{bd605e04-6f45-eef1-d8e4-2173900396d5}.Debug|Any CPU.ActiveCfg = Debug|Any CPU
		{bd605e04-6f45-eef1-d8e4-2173900396d5}.Debug|Any CPU.Build.0 = Debug|Any CPU
		{b9f2ebb6-e2c3-2a87-5c8a-912235cbb34e}.Debug|Any CPU.ActiveCfg = Debug|Any CPU
		{b9f2ebb6-e2c3-2a87-5c8a-912235cbb34e}.Debug|Any CPU.Build.0 = Debug|Any CPU
		{2159dca6-637f-d08e-173b-eb3c645059e0}.Debug|Any CPU.ActiveCfg = Debug|Any CPU
		{2159dca6-637f-d08e-173b-eb3c645059e0}.Debug|Any CPU.Build.0 = Debug|Any CPU
		{d428d9cf-b6d3-1419-2757-dccbd3d40fe1}.Debug|Any CPU.ActiveCfg = Debug|Any CPU
		{d428d9cf-b6d3-1419-2757-dccbd3d40fe1}.Debug|Any CPU.Build.0 = Debug|Any CPU
		{20be0e4a-360a-abef-32f6-e7dbb52153ff}.Debug|Any CPU.ActiveCfg = Debug|Any CPU
		{20be0e4a-360a-abef-32f6-e7dbb52153ff}.Debug|Any CPU.Build.0 = Debug|Any CPU
		{d7272dad-37bd-3240-0197-26450f66d5f3}.Debug|Any CPU.ActiveCfg = Debug|Any CPU
		{d7272dad-37bd-3240-0197-26450f66d5f3}.Debug|Any CPU.Build.0 = Debug|Any CPU
		{eca0c1dc-4349-8782-5043-66a36b18ce24}.Debug|Any CPU.ActiveCfg = Debug|Any CPU
		{eca0c1dc-4349-8782-5043-66a36b18ce24}.Debug|Any CPU.Build.0 = Debug|Any CPU
		{48ed8bdf-3b22-a8bf-c2a0-df56b9d9ccef}.Debug|Any CPU.ActiveCfg = Debug|Any CPU
		{48ed8bdf-3b22-a8bf-c2a0-df56b9d9ccef}.Debug|Any CPU.Build.0 = Debug|Any CPU
		{966723bf-9cf5-89c2-4e7a-16e91eea6ff2}.Debug|Any CPU.ActiveCfg = Debug|Any CPU
		{966723bf-9cf5-89c2-4e7a-16e91eea6ff2}.Debug|Any CPU.Build.0 = Debug|Any CPU
		{c5d07b5c-5769-3f28-c69b-652adebac401}.Debug|Any CPU.ActiveCfg = Debug|Any CPU
		{c5d07b5c-5769-3f28-c69b-652adebac401}.Debug|Any CPU.Build.0 = Debug|Any CPU
		{717795f4-df19-09cc-07e1-0eb8854a74d9}.Debug|Any CPU.ActiveCfg = Debug|Any CPU
		{717795f4-df19-09cc-07e1-0eb8854a74d9}.Debug|Any CPU.Build.0 = Debug|Any CPU
		{9a511c74-ffc3-90da-dae6-14873b97cf54}.Debug|Any CPU.ActiveCfg = Debug|Any CPU
		{9a511c74-ffc3-90da-dae6-14873b97cf54}.Debug|Any CPU.Build.0 = Debug|Any CPU
		{e6700765-862a-642b-4fb9-e9dcd609d6e6}.Debug|Any CPU.ActiveCfg = Debug|Any CPU
		{e6700765-862a-642b-4fb9-e9dcd609d6e6}.Debug|Any CPU.Build.0 = Debug|Any CPU
		{c511b058-8f2b-1ad7-21b5-f18f9ad9e774}.Debug|Any CPU.ActiveCfg = Debug|Any CPU
		{c511b058-8f2b-1ad7-21b5-f18f9ad9e774}.Debug|Any CPU.Build.0 = Debug|Any CPU
		{45e974d3-c233-56a5-488f-2271d636b758}.Debug|Any CPU.ActiveCfg = Debug|Any CPU
		{45e974d3-c233-56a5-488f-2271d636b758}.Debug|Any CPU.Build.0 = Debug|Any CPU
		{55c98a27-3b52-fb1a-25a2-84f5736ff655}.Debug|Any CPU.ActiveCfg = Debug|Any CPU
		{55c98a27-3b52-fb1a-25a2-84f5736ff655}.Debug|Any CPU.Build.0 = Debug|Any CPU
		{69898896-06bd-073d-0140-4cf81be998cd}.Debug|Any CPU.ActiveCfg = Debug|Any CPU
		{69898896-06bd-073d-0140-4cf81be998cd}.Debug|Any CPU.Build.0 = Debug|Any CPU
		{28e38430-7d68-adf0-7a3f-66ccdae60ba1}.Debug|Any CPU.ActiveCfg = Debug|Any CPU
		{28e38430-7d68-adf0-7a3f-66ccdae60ba1}.Debug|Any CPU.Build.0 = Debug|Any CPU
		{a7d2f8a2-46a6-e14a-46eb-9f1bf1ba86ab}.Debug|Any CPU.ActiveCfg = Debug|Any CPU
		{a7d2f8a2-46a6-e14a-46eb-9f1bf1ba86ab}.Debug|Any CPU.Build.0 = Debug|Any CPU
		{318248e6-27c8-d8e9-b921-4f2646b1962a}.Debug|Any CPU.ActiveCfg = Debug|Any CPU
		{318248e6-27c8-d8e9-b921-4f2646b1962a}.Debug|Any CPU.Build.0 = Debug|Any CPU
		{e2695a68-f9cf-ae71-7e6a-075516eb8e04}.Debug|Any CPU.ActiveCfg = Debug|Any CPU
		{e2695a68-f9cf-ae71-7e6a-075516eb8e04}.Debug|Any CPU.Build.0 = Debug|Any CPU
		{d1c22cfb-8da7-46a9-41f0-b3ebd480be10}.Debug|Any CPU.ActiveCfg = Debug|Any CPU
		{d1c22cfb-8da7-46a9-41f0-b3ebd480be10}.Debug|Any CPU.Build.0 = Debug|Any CPU
		{590cba3b-aa1a-a27a-79bc-3bf5ecd42aaf}.Debug|Any CPU.ActiveCfg = Debug|Any CPU
		{590cba3b-aa1a-a27a-79bc-3bf5ecd42aaf}.Debug|Any CPU.Build.0 = Debug|Any CPU
		{547e18a8-9d3e-5014-206f-8499b7bd9f89}.Debug|Any CPU.ActiveCfg = Debug|Any CPU
		{547e18a8-9d3e-5014-206f-8499b7bd9f89}.Debug|Any CPU.Build.0 = Debug|Any CPU
		{5f6e5a79-0e91-283a-5261-0e2341e68ea9}.Debug|Any CPU.ActiveCfg = Debug|Any CPU
		{5f6e5a79-0e91-283a-5261-0e2341e68ea9}.Debug|Any CPU.Build.0 = Debug|Any CPU
		{ff59e38d-8916-799e-25c7-c4220432b6d3}.Debug|Any CPU.ActiveCfg = Debug|Any CPU
		{ff59e38d-8916-799e-25c7-c4220432b6d3}.Debug|Any CPU.Build.0 = Debug|Any CPU
		{74c96714-6f0b-aa17-5b7b-6d7bca28ad14}.Debug|Any CPU.ActiveCfg = Debug|Any CPU
		{74c96714-6f0b-aa17-5b7b-6d7bca28ad14}.Debug|Any CPU.Build.0 = Debug|Any CPU
		{a3fe0c14-31de-6e22-1c64-1f37c0e06f95}.Debug|Any CPU.ActiveCfg = Debug|Any CPU
		{a3fe0c14-31de-6e22-1c64-1f37c0e06f95}.Debug|Any CPU.Build.0 = Debug|Any CPU
	EndGlobalSection
	GlobalSection(SolutionProperties) = preSolution
		HideSolutionNode = FALSE
	EndGlobalSection
EndGlobal
